{
  "name": "mydesignpattern",
  "version": "1.0.0",
  "lockfileVersion": 2,
  "requires": true,
  "packages": {
    "": {
      "name": "mydesignpattern",
      "version": "1.0.0",
      "license": "ISC",
      "dependencies": {
        "tstl": "^2.5.13"
      },
      "devDependencies": {}
    },
    "node_modules/tstl": {
      "version": "2.5.16",
      "resolved": "https://registry.npmjs.org/tstl/-/tstl-2.5.16.tgz",
      "integrity": "sha512-+O2ybLVLKcBwKm4HymCEwZIT0PpwS3gCYnxfSDEjJEKADvIFruaQjd3m7CAKNU1c7N3X3WjVz87re7TA2A5FUw=="
    }
  },
  "dependencies": {
    "tstl": {
      "version": "2.5.16",
      "resolved": "https://registry.npmjs.org/tstl/-/tstl-2.5.16.tgz",
      "integrity": "sha512-+O2ybLVLKcBwKm4HymCEwZIT0PpwS3gCYnxfSDEjJEKADvIFruaQjd3m7CAKNU1c7N3X3WjVz87re7TA2A5FUw=="
    }
  }
}
